Microsoft Visual Studio Solution File, Format Version 12.00
# Visual Studio Version 17
VisualStudioVersion = 17.5.2.0
MinimumVisualStudioVersion = 10.0.40219.1
Project("{2150E333-8FDC-42A3-9474-1A3956D46DE8}") = "backend", "backend", "{1AE8ACA6-933B-BF2A-3671-3E2EAC007D16}"
EndProject
Project("{FAE04EC0-301F-11D3-BF4B-00C04F79EFBC}") = "Recreatio.Api", "backend\Recreatio.Api\Recreatio.Api.csproj", "{DB4477EB-A99F-1290-CE62-6897329B38E4}"
EndProject
Global
	GlobalSection(SolutionConfigurationPlatforms) = preSolution
		Debug|Any CPU = Debug|Any CPU
		Release|Any CPU = Release|Any CPU
	EndGlobalSection
	GlobalSection(ProjectConfigurationPlatforms) = postSolution
		{DB4477EB-A99F-1290-CE62-6897329B38E4}.Debug|Any CPU.ActiveCfg = Debug|Any CPU
		{DB4477EB-A99F-1290-CE62-6897329B38E4}.Debug|Any CPU.Build.0 = Debug|Any CPU
		{DB4477EB-A99F-1290-CE62-6897329B38E4}.Release|Any CPU.ActiveCfg = Release|Any CPU
		{DB4477EB-A99F-1290-CE62-6897329B38E4}.Release|Any CPU.Build.0 = Release|Any CPU
	EndGlobalSection
	GlobalSection(SolutionProperties) = preSolution
		HideSolutionNode = FALSE
	EndGlobalSection
	GlobalSection(NestedProjects) = preSolution
		{DB4477EB-A99F-1290-CE62-6897329B38E4} = {1AE8ACA6-933B-BF2A-3671-3E2EAC007D16}
	EndGlobalSection
	GlobalSection(ExtensibilityGlobals) = postSolution
		SolutionGuid = {16A7D20C-FA1B-49D3-8E76-433551FAC336}
	EndGlobalSection
EndGlobal
