
Microsoft Visual Studio Solution File, Format Version 12.00
# Visual Studio Version 17
VisualStudioVersion = 17.5.2.0
MinimumVisualStudioVersion = 10.0.40219.1
Project("{2150E333-8FDC-42A3-9474-1A3956D46DE8}") = "backend", "backend", "{1AE8ACA6-933B-BF2A-3671-3E2EAC007D16}"
EndProject
Project("{FAE04EC0-301F-11D3-BF4B-00C04F79EFBC}") = "Recreatio.Api", "backend\Recreatio.Api\Recreatio.Api.csproj", "{DB4477EB-A99F-1290-CE62-6897329B38E4}"
EndProject
Project("{FAE04EC0-301F-11D3-BF4B-00C04F79EFBC}") = "Rc.Kernel", "backend\Rc.Kernel\Rc.Kernel.csproj", "{03E6DCED-8877-44BE-BDE6-D11FF853F89D}"
EndProject
Project("{FAE04EC0-301F-11D3-BF4B-00C04F79EFBC}") = "Rc.Kernel.Tests", "backend\Rc.Kernel.Tests\Rc.Kernel.Tests.csproj", "{3173F217-A604-4F77-BFC8-2554035F3263}"
EndProject
Project("{FAE04EC0-301F-11D3-BF4B-00C04F79EFBC}") = "Rc.Schema", "backend\Rc.Schema\Rc.Schema.csproj", "{2EBF2A5B-C7CA-45D7-9082-EFE6FCC37AB1}"
EndProject
Project("{FAE04EC0-301F-11D3-BF4B-00C04F79EFBC}") = "Rc.Api", "backend\Rc.Api\Rc.Api.csproj", "{C558A118-3216-4B64-B841-64B21F9098C2}"
EndProject
Project("{FAE04EC0-301F-11D3-BF4B-00C04F79EFBC}") = "Rc.Api.Tests", "backend\Rc.Api.Tests\Rc.Api.Tests.csproj", "{B8F36F2C-9332-4F09-AA53-806666BDB743}"
EndProject
Global
	GlobalSection(SolutionConfigurationPlatforms) = preSolution
		Debug|Any CPU = Debug|Any CPU
		Debug|x64 = Debug|x64
		Debug|x86 = Debug|x86
		Release|Any CPU = Release|Any CPU
		Release|x64 = Release|x64
		Release|x86 = Release|x86
	EndGlobalSection
	GlobalSection(ProjectConfigurationPlatforms) = postSolution
		{DB4477EB-A99F-1290-CE62-6897329B38E4}.Debug|Any CPU.ActiveCfg = Debug|Any CPU
		{DB4477EB-A99F-1290-CE62-6897329B38E4}.Debug|Any CPU.Build.0 = Debug|Any CPU
		{DB4477EB-A99F-1290-CE62-6897329B38E4}.Debug|x64.ActiveCfg = Debug|Any CPU
		{DB4477EB-A99F-1290-CE62-6897329B38E4}.Debug|x64.Build.0 = Debug|Any CPU
		{DB4477EB-A99F-1290-CE62-6897329B38E4}.Debug|x86.ActiveCfg = Debug|Any CPU
		{DB4477EB-A99F-1290-CE62-6897329B38E4}.Debug|x86.Build.0 = Debug|Any CPU
		{DB4477EB-A99F-1290-CE62-6897329B38E4}.Release|Any CPU.ActiveCfg = Release|Any CPU
		{DB4477EB-A99F-1290-CE62-6897329B38E4}.Release|Any CPU.Build.0 = Release|Any CPU
		{DB4477EB-A99F-1290-CE62-6897329B38E4}.Release|x64.ActiveCfg = Release|Any CPU
		{DB4477EB-A99F-1290-CE62-6897329B38E4}.Release|x64.Build.0 = Release|Any CPU
		{DB4477EB-A99F-1290-CE62-6897329B38E4}.Release|x86.ActiveCfg = Release|Any CPU
		{DB4477EB-A99F-1290-CE62-6897329B38E4}.Release|x86.Build.0 = Release|Any CPU
		{03E6DCED-8877-44BE-BDE6-D11FF853F89D}.Debug|Any CPU.ActiveCfg = Debug|Any CPU
		{03E6DCED-8877-44BE-BDE6-D11FF853F89D}.Debug|Any CPU.Build.0 = Debug|Any CPU
		{03E6DCED-8877-44BE-BDE6-D11FF853F89D}.Debug|x64.ActiveCfg = Debug|Any CPU
		{03E6DCED-8877-44BE-BDE6-D11FF853F89D}.Debug|x64.Build.0 = Debug|Any CPU
		{03E6DCED-8877-44BE-BDE6-D11FF853F89D}.Debug|x86.ActiveCfg = Debug|Any CPU
		{03E6DCED-8877-44BE-BDE6-D11FF853F89D}.Debug|x86.Build.0 = Debug|Any CPU
		{03E6DCED-8877-44BE-BDE6-D11FF853F89D}.Release|Any CPU.ActiveCfg = Release|Any CPU
		{03E6DCED-8877-44BE-BDE6-D11FF853F89D}.Release|Any CPU.Build.0 = Release|Any CPU
		{03E6DCED-8877-44BE-BDE6-D11FF853F89D}.Release|x64.ActiveCfg = Release|Any CPU
		{03E6DCED-8877-44BE-BDE6-D11FF853F89D}.Release|x64.Build.0 = Release|Any CPU
		{03E6DCED-8877-44BE-BDE6-D11FF853F89D}.Release|x86.ActiveCfg = Release|Any CPU
		{03E6DCED-8877-44BE-BDE6-D11FF853F89D}.Release|x86.Build.0 = Release|Any CPU
		{3173F217-A604-4F77-BFC8-2554035F3263}.Debug|Any CPU.ActiveCfg = Debug|Any CPU
		{3173F217-A604-4F77-BFC8-2554035F3263}.Debug|Any CPU.Build.0 = Debug|Any CPU
		{3173F217-A604-4F77-BFC8-2554035F3263}.Debug|x64.ActiveCfg = Debug|Any CPU
		{3173F217-A604-4F77-BFC8-2554035F3263}.Debug|x64.Build.0 = Debug|Any CPU
		{3173F217-A604-4F77-BFC8-2554035F3263}.Debug|x86.ActiveCfg = Debug|Any CPU
		{3173F217-A604-4F77-BFC8-2554035F3263}.Debug|x86.Build.0 = Debug|Any CPU
		{3173F217-A604-4F77-BFC8-2554035F3263}.Release|Any CPU.ActiveCfg = Release|Any CPU
		{3173F217-A604-4F77-BFC8-2554035F3263}.Release|Any CPU.Build.0 = Release|Any CPU
		{3173F217-A604-4F77-BFC8-2554035F3263}.Release|x64.ActiveCfg = Release|Any CPU
		{3173F217-A604-4F77-BFC8-2554035F3263}.Release|x64.Build.0 = Release|Any CPU
		{3173F217-A604-4F77-BFC8-2554035F3263}.Release|x86.ActiveCfg = Release|Any CPU
		{3173F217-A604-4F77-BFC8-2554035F3263}.Release|x86.Build.0 = Release|Any CPU
		{2EBF2A5B-C7CA-45D7-9082-EFE6FCC37AB1}.Debug|Any CPU.ActiveCfg = Debug|Any CPU
		{2EBF2A5B-C7CA-45D7-9082-EFE6FCC37AB1}.Debug|Any CPU.Build.0 = Debug|Any CPU
		{2EBF2A5B-C7CA-45D7-9082-EFE6FCC37AB1}.Debug|x64.ActiveCfg = Debug|Any CPU
		{2EBF2A5B-C7CA-45D7-9082-EFE6FCC37AB1}.Debug|x64.Build.0 = Debug|Any CPU
		{2EBF2A5B-C7CA-45D7-9082-EFE6FCC37AB1}.Debug|x86.ActiveCfg = Debug|Any CPU
		{2EBF2A5B-C7CA-45D7-9082-EFE6FCC37AB1}.Debug|x86.Build.0 = Debug|Any CPU
		{2EBF2A5B-C7CA-45D7-9082-EFE6FCC37AB1}.Release|Any CPU.ActiveCfg = Release|Any CPU
		{2EBF2A5B-C7CA-45D7-9082-EFE6FCC37AB1}.Release|Any CPU.Build.0 = Release|Any CPU
		{2EBF2A5B-C7CA-45D7-9082-EFE6FCC37AB1}.Release|x64.ActiveCfg = Release|Any CPU
		{2EBF2A5B-C7CA-45D7-9082-EFE6FCC37AB1}.Release|x64.Build.0 = Release|Any CPU
		{2EBF2A5B-C7CA-45D7-9082-EFE6FCC37AB1}.Release|x86.ActiveCfg = Release|Any CPU
		{2EBF2A5B-C7CA-45D7-9082-EFE6FCC37AB1}.Release|x86.Build.0 = Release|Any CPU
		{C558A118-3216-4B64-B841-64B21F9098C2}.Debug|Any CPU.ActiveCfg = Debug|Any CPU
		{C558A118-3216-4B64-B841-64B21F9098C2}.Debug|Any CPU.Build.0 = Debug|Any CPU
		{C558A118-3216-4B64-B841-64B21F9098C2}.Debug|x64.ActiveCfg = Debug|Any CPU
		{C558A118-3216-4B64-B841-64B21F9098C2}.Debug|x64.Build.0 = Debug|Any CPU
		{C558A118-3216-4B64-B841-64B21F9098C2}.Debug|x86.ActiveCfg = Debug|Any CPU
		{C558A118-3216-4B64-B841-64B21F9098C2}.Debug|x86.Build.0 = Debug|Any CPU
		{C558A118-3216-4B64-B841-64B21F9098C2}.Release|Any CPU.ActiveCfg = Release|Any CPU
		{C558A118-3216-4B64-B841-64B21F9098C2}.Release|Any CPU.Build.0 = Release|Any CPU
		{C558A118-3216-4B64-B841-64B21F9098C2}.Release|x64.ActiveCfg = Release|Any CPU
		{C558A118-3216-4B64-B841-64B21F9098C2}.Release|x64.Build.0 = Release|Any CPU
		{C558A118-3216-4B64-B841-64B21F9098C2}.Release|x86.ActiveCfg = Release|Any CPU
		{C558A118-3216-4B64-B841-64B21F9098C2}.Release|x86.Build.0 = Release|Any CPU
		{B8F36F2C-9332-4F09-AA53-806666BDB743}.Debug|Any CPU.ActiveCfg = Debug|Any CPU
		{B8F36F2C-9332-4F09-AA53-806666BDB743}.Debug|Any CPU.Build.0 = Debug|Any CPU
		{B8F36F2C-9332-4F09-AA53-806666BDB743}.Debug|x64.ActiveCfg = Debug|Any CPU
		{B8F36F2C-9332-4F09-AA53-806666BDB743}.Debug|x64.Build.0 = Debug|Any CPU
		{B8F36F2C-9332-4F09-AA53-806666BDB743}.Debug|x86.ActiveCfg = Debug|Any CPU
		{B8F36F2C-9332-4F09-AA53-806666BDB743}.Debug|x86.Build.0 = Debug|Any CPU
		{B8F36F2C-9332-4F09-AA53-806666BDB743}.Release|Any CPU.ActiveCfg = Release|Any CPU
		{B8F36F2C-9332-4F09-AA53-806666BDB743}.Release|Any CPU.Build.0 = Release|Any CPU
		{B8F36F2C-9332-4F09-AA53-806666BDB743}.Release|x64.ActiveCfg = Release|Any CPU
		{B8F36F2C-9332-4F09-AA53-806666BDB743}.Release|x64.Build.0 = Release|Any CPU
		{B8F36F2C-9332-4F09-AA53-806666BDB743}.Release|x86.ActiveCfg = Release|Any CPU
		{B8F36F2C-9332-4F09-AA53-806666BDB743}.Release|x86.Build.0 = Release|Any CPU
	EndGlobalSection
	GlobalSection(SolutionProperties) = preSolution
		HideSolutionNode = FALSE
	EndGlobalSection
	GlobalSection(NestedProjects) = preSolution
		{DB4477EB-A99F-1290-CE62-6897329B38E4} = {1AE8ACA6-933B-BF2A-3671-3E2EAC007D16}
		{03E6DCED-8877-44BE-BDE6-D11FF853F89D} = {1AE8ACA6-933B-BF2A-3671-3E2EAC007D16}
		{3173F217-A604-4F77-BFC8-2554035F3263} = {1AE8ACA6-933B-BF2A-3671-3E2EAC007D16}
		{2EBF2A5B-C7CA-45D7-9082-EFE6FCC37AB1} = {1AE8ACA6-933B-BF2A-3671-3E2EAC007D16}
		{C558A118-3216-4B64-B841-64B21F9098C2} = {1AE8ACA6-933B-BF2A-3671-3E2EAC007D16}
		{B8F36F2C-9332-4F09-AA53-806666BDB743} = {1AE8ACA6-933B-BF2A-3671-3E2EAC007D16}
	EndGlobalSection
	GlobalSection(ExtensibilityGlobals) = postSolution
		SolutionGuid = {16A7D20C-FA1B-49D3-8E76-433551FAC336}
	EndGlobalSection
EndGlobal
